schema: '2.0'
stages:
  full_pipeline:
    cmd: python3 run_complete_pipeline.py --out data/parsed --hybrid-tables
    deps:
    - path: data/raw/
      hash: md5
      md5: b79081232b1f5bf69d9348fd8403cb8b.dir
      size: 959948
      nfiles: 6
    - path: run_complete_pipeline.py
      hash: md5
      md5: b1fe4343c6aff8eeb8d47af19e9e0d85
      size: 33080
    - path: src/
      hash: md5
      md5: ac8417d78745031042d914e70f5f8d79.dir
      size: 368290
      nfiles: 20
    outs:
    - path: data/parsed/
      hash: md5
      md5: c33cc373677f1f1f67db41ab9cb9525f.dir
      size: 15506641
      nfiles: 328
  lab7_processing:
    cmd: python3 google_ai/run_lab7.py --pdf data/raw/tesla.pdf --pages 5 12
    deps:
    - path: data/raw/tesla.pdf
      hash: md5
      md5: d35072b96ed7cfb8c2fd4df6e6f3566b
      size: 305624
    - path: google_ai/
      hash: md5
      md5: 89ed539cb62bb6b428d8916b4dd0d089.dir
      size: 143730
      nfiles: 10
    - path: google_ai/lab7_google_ai_integration.py
      hash: md5
      md5: be3eab04bf58a8ef1214573bd2d55a44
      size: 30335
    - path: google_ai/run_lab7.py
      hash: md5
      md5: f17b15e225596c831107b69437e172ab
      size: 1490
    outs:
    - path: reports/google_ai/
      hash: md5
      md5: 2d169efaf90278a16774192e612b0e45.dir
      size: 2342797
      nfiles: 14
  parse:
    cmd: python3 src/text/extract_text.py --in data/raw/ --out 
      data/intermediate/
    deps:
    - path: data/raw/
      hash: md5
      md5: 353cb1dc323f32f64f4f9f92c642157e.dir
      size: 401903
      nfiles: 4
    - path: src/text/extract_text.py
      hash: md5
      md5: 266239dee30f61ce1cb3413606b466e4
      size: 11573
    outs:
    - path: data/intermediate/text/
      hash: md5
      md5: a3255ecd698d9370857932547fe927ae.dir
      size: 6385541
      nfiles: 81
  tables:
    cmd: python3 src/tables/extract_tables.py --in data/raw/ --out 
      data/intermediate/ --hybrid
    deps:
    - path: data/intermediate/text/
      hash: md5
      md5: a3255ecd698d9370857932547fe927ae.dir
      size: 6385541
      nfiles: 81
    - path: data/raw/
      hash: md5
      md5: 353cb1dc323f32f64f4f9f92c642157e.dir
      size: 401903
      nfiles: 4
    - path: src/tables/
      hash: md5
      md5: 41218439bac7eb7c3d829027c356f716.dir
      size: 155556
      nfiles: 10
    - path: src/tables/extract_tables.py
      hash: md5
      md5: 79ea8001c2d0d902f13100a1bce72599
      size: 18708
    outs:
    - path: data/intermediate/tables/
      hash: md5
      md5: fc26de85884d9635e9154c81c08e38bb.dir
      size: 119371
      nfiles: 93
  layout:
    cmd: python3 src/layout/extract_layout.py --in data/raw/ --out 
      data/intermediate/
    deps:
    - path: data/intermediate/tables/
      hash: md5
      md5: fc26de85884d9635e9154c81c08e38bb.dir
      size: 119371
      nfiles: 93
    - path: data/intermediate/text/
      hash: md5
      md5: a3255ecd698d9370857932547fe927ae.dir
      size: 6385541
      nfiles: 81
    - path: data/raw/
      hash: md5
      md5: 353cb1dc323f32f64f4f9f92c642157e.dir
      size: 401903
      nfiles: 4
    - path: src/layout/extract_layout.py
      hash: md5
      md5: 8406be585914a4ee6f34b6ab02d7d67e
      size: 11463
    outs:
    - path: data/intermediate/layout/
      hash: md5
      md5: d44d1aeea6ebbc9273af2e61ac5102a6.dir
      size: 2198593
      nfiles: 41
  docling:
    cmd: python3 src/docling/extract_docling.py --in data/raw/ --out 
      data/intermediate/
    deps:
    - path: data/intermediate/layout/
      hash: md5
      md5: d44d1aeea6ebbc9273af2e61ac5102a6.dir
      size: 2198593
      nfiles: 41
    - path: data/intermediate/tables/
      hash: md5
      md5: fc26de85884d9635e9154c81c08e38bb.dir
      size: 119371
      nfiles: 93
    - path: data/intermediate/text/
      hash: md5
      md5: a3255ecd698d9370857932547fe927ae.dir
      size: 6385541
      nfiles: 81
    - path: data/raw/
      hash: md5
      md5: 353cb1dc323f32f64f4f9f92c642157e.dir
      size: 401903
      nfiles: 4
    - path: src/docling/extract_docling.py
      hash: md5
      md5: bbe2237fe1d03c29a678ad1d03ee701a
      size: 17168
    outs:
    - path: data/intermediate/docling/
      hash: md5
      md5: e30eec4ba82ed33cc5753fd12e5ebc84.dir
      size: 1777049
      nfiles: 3
  export:
    cmd: "python3 src/metadata/extract_metadata.py  --in data/raw/  --out data/intermediate/\
      \  --doc-id pdf_doc  --company \"Document Company\"  --fiscal-year 2024 && python3
      src/formats/convert_formats.py  --in data/intermediate/metadata/pdf_doc.jsonl\
      \  --out data/intermediate/\n"
    deps:
    - path: data/intermediate/docling/
      hash: md5
      md5: e30eec4ba82ed33cc5753fd12e5ebc84.dir
      size: 1777049
      nfiles: 3
    - path: data/intermediate/layout/
      hash: md5
      md5: d44d1aeea6ebbc9273af2e61ac5102a6.dir
      size: 2198593
      nfiles: 41
    - path: data/intermediate/tables/
      hash: md5
      md5: fc26de85884d9635e9154c81c08e38bb.dir
      size: 119371
      nfiles: 93
    - path: data/intermediate/text/
      hash: md5
      md5: a3255ecd698d9370857932547fe927ae.dir
      size: 6385541
      nfiles: 81
    - path: data/raw/
      hash: md5
      md5: 353cb1dc323f32f64f4f9f92c642157e.dir
      size: 401903
      nfiles: 4
    - path: src/formats/convert_formats.py
      hash: md5
      md5: ff8d0f96d97f5c2655f3b63c7df2f54c
      size: 19642
    - path: src/metadata/extract_metadata.py
      hash: md5
      md5: d0eb09264290e1c4086148a4ab744dc5
      size: 17371
    outs:
    - path: data/intermediate/formats/
      hash: md5
      md5: ef3fb83e7b1b884164c2d68c5ce6ee69.dir
      size: 29513365
      nfiles: 5
    - path: data/intermediate/metadata/
      hash: md5
      md5: 0048f43db7584a2b69fe358a57b5a941.dir
      size: 10708353
      nfiles: 3
