schema: '2.0'
stages:
  full_pipeline:
    cmd: python3 run_complete_pipeline.py --out data/parsed --hybrid-tables
    deps:
    - path: data/raw/
      hash: md5
      md5: b79081232b1f5bf69d9348fd8403cb8b.dir
      size: 959948
      nfiles: 6
    - path: run_complete_pipeline.py
      hash: md5
      md5: b1fe4343c6aff8eeb8d47af19e9e0d85
      size: 33080
    - path: src/
      hash: md5
      md5: ac8417d78745031042d914e70f5f8d79.dir
      size: 368290
      nfiles: 20
    outs:
    - path: data/parsed/
      hash: md5
      md5: c33cc373677f1f1f67db41ab9cb9525f.dir
      size: 15506641
      nfiles: 328
  lab7_processing:
    cmd: python3 google_ai/run_lab7.py --pdf data/raw/tesla.pdf --pages 5 12
    deps:
    - path: data/raw/tesla.pdf
      hash: md5
      md5: d35072b96ed7cfb8c2fd4df6e6f3566b
      size: 305624
    - path: google_ai/
      hash: md5
      md5: 89ed539cb62bb6b428d8916b4dd0d089.dir
      size: 143730
      nfiles: 10
    - path: google_ai/lab7_google_ai_integration.py
      hash: md5
      md5: be3eab04bf58a8ef1214573bd2d55a44
      size: 30335
    - path: google_ai/run_lab7.py
      hash: md5
      md5: f17b15e225596c831107b69437e172ab
      size: 1490
    outs:
    - path: reports/google_ai/
      hash: md5
      md5: 2d169efaf90278a16774192e612b0e45.dir
      size: 2342797
      nfiles: 14
  parse:
    cmd: python3 src/text/extract_text.py --in data/raw/ --out 
      data/intermediate/
    deps:
    - path: data/raw/
      hash: md5
      md5: e7d01dbe4b5855783605f9c2e486d39c.dir
      size: 445840
      nfiles: 5
    - path: src/text/extract_text.py
      hash: md5
      md5: 266239dee30f61ce1cb3413606b466e4
      size: 11573
    outs:
    - path: data/intermediate/text/
      hash: md5
      md5: 8388b713f4fbe654d8bcb2a6466e187f.dir
      size: 6385539
      nfiles: 81
  tables:
    cmd: python3 src/tables/extract_tables.py --in data/raw/ --out 
      data/intermediate/ --hybrid
    deps:
    - path: data/intermediate/text/
      hash: md5
      md5: 8388b713f4fbe654d8bcb2a6466e187f.dir
      size: 6385539
      nfiles: 81
    - path: data/raw/
      hash: md5
      md5: e7d01dbe4b5855783605f9c2e486d39c.dir
      size: 445840
      nfiles: 5
    - path: src/tables/
      hash: md5
      md5: 6c7174eb44cd90076b3f33ca0ac352c7.dir
      size: 102643
      nfiles: 16
    - path: src/tables/extract_tables.py
      hash: md5
      md5: db5671ec0d51533b20bb75fb84ef5a13
      size: 26719
    outs:
    - path: data/intermediate/tables/
      hash: md5
      md5: b91cbb65597bca1763013871488d0e83.dir
      size: 30021
      nfiles: 30
  layout:
    cmd: python3 src/layout/extract_layout.py --in data/raw/ --out 
      data/intermediate/
    deps:
    - path: data/intermediate/tables/
      hash: md5
      md5: b91cbb65597bca1763013871488d0e83.dir
      size: 30021
      nfiles: 30
    - path: data/intermediate/text/
      hash: md5
      md5: 8388b713f4fbe654d8bcb2a6466e187f.dir
      size: 6385539
      nfiles: 81
    - path: data/raw/
      hash: md5
      md5: e7d01dbe4b5855783605f9c2e486d39c.dir
      size: 445840
      nfiles: 5
    - path: src/layout/extract_layout.py
      hash: md5
      md5: 8406be585914a4ee6f34b6ab02d7d67e
      size: 11463
    outs:
    - path: data/intermediate/layout/
      hash: md5
      md5: 43d1b599223ec6ee10c82e41c8c369ef.dir
      size: 2198591
      nfiles: 41
  docling:
    cmd: python3 src/docling/extract_docling.py --in data/raw/ --out 
      data/intermediate/
    deps:
    - path: data/intermediate/layout/
      hash: md5
      md5: 43d1b599223ec6ee10c82e41c8c369ef.dir
      size: 2198591
      nfiles: 41
    - path: data/intermediate/tables/
      hash: md5
      md5: b91cbb65597bca1763013871488d0e83.dir
      size: 30021
      nfiles: 30
    - path: data/intermediate/text/
      hash: md5
      md5: 8388b713f4fbe654d8bcb2a6466e187f.dir
      size: 6385539
      nfiles: 81
    - path: data/raw/
      hash: md5
      md5: e7d01dbe4b5855783605f9c2e486d39c.dir
      size: 445840
      nfiles: 5
    - path: src/docling/extract_docling.py
      hash: md5
      md5: 2ab9b53cecaf4b3812c86c73331227e2
      size: 17096
    outs:
    - path: data/intermediate/docling/
      hash: md5
      md5: e30eec4ba82ed33cc5753fd12e5ebc84.dir
      size: 1777049
      nfiles: 3
  export:
    cmd: "python3 src/metadata/extract_metadata.py  --in data/raw/  --out data/intermediate/\
      \  --doc-id pdf_doc  --company \"Document Company\"  --fiscal-year 2024 && python3
      src/formats/convert_formats.py  --in data/intermediate/metadata/pdf_doc.jsonl\
      \  --out data/intermediate/\n"
    deps:
    - path: data/intermediate/docling/
      hash: md5
      md5: e30eec4ba82ed33cc5753fd12e5ebc84.dir
      size: 1777049
      nfiles: 3
    - path: data/intermediate/layout/
      hash: md5
      md5: 43d1b599223ec6ee10c82e41c8c369ef.dir
      size: 2198591
      nfiles: 41
    - path: data/intermediate/tables/
      hash: md5
      md5: b91cbb65597bca1763013871488d0e83.dir
      size: 30021
      nfiles: 30
    - path: data/intermediate/text/
      hash: md5
      md5: 8388b713f4fbe654d8bcb2a6466e187f.dir
      size: 6385539
      nfiles: 81
    - path: data/raw/
      hash: md5
      md5: e7d01dbe4b5855783605f9c2e486d39c.dir
      size: 445840
      nfiles: 5
    - path: src/formats/convert_formats.py
      hash: md5
      md5: 28ae10e250a8b2018419c339f430c71a
      size: 4722
    - path: src/metadata/extract_metadata.py
      hash: md5
      md5: d0eb09264290e1c4086148a4ab744dc5
      size: 17371
    outs:
    - path: data/intermediate/formats/
      hash: md5
      md5: f96c26f77226974cc22d4fb304402004.dir
      size: 13649161
      nfiles: 4
    - path: data/intermediate/metadata/
      hash: md5
      md5: 3f2aab4c6bd7723fcbd1a687746a3ed9.dir
      size: 9882249
      nfiles: 3
